
Microsoft Visual Studio Solution File, Format Version 12.00
# Visual Studio Version 17
VisualStudioVersion = 17.5.002.0
MinimumVisualStudioVersion = 10.0.40219.1
Project("{9A19103F-16F7-4668-BE54-9A1E7A4F7556}") = "StudendtMSAReact", "StudendtMSAReact.csproj", "{15D157D9-DEAC-426F-8850-55717932966E}"
EndProject
Global
	GlobalSection(SolutionConfigurationPlatforms) = preSolution
		Debug|Any CPU = Debug|Any CPU
		Release|Any CPU = Release|Any CPU
	EndGlobalSection
	GlobalSection(ProjectConfigurationPlatforms) = postSolution
		{15D157D9-DEAC-426F-8850-55717932966E}.Debug|Any CPU.ActiveCfg = Debug|Any CPU
		{15D157D9-DEAC-426F-8850-55717932966E}.Debug|Any CPU.Build.0 = Debug|Any CPU
		{15D157D9-DEAC-426F-8850-55717932966E}.Release|Any CPU.ActiveCfg = Release|Any CPU
		{15D157D9-DEAC-426F-8850-55717932966E}.Release|Any CPU.Build.0 = Release|Any CPU
	EndGlobalSection
	GlobalSection(SolutionProperties) = preSolution
		HideSolutionNode = FALSE
	EndGlobalSection
	GlobalSection(ExtensibilityGlobals) = postSolution
		SolutionGuid = {7A3919A4-542D-4560-A6EE-B5BA661AE82F}
	EndGlobalSection
EndGlobal
